
Microsoft Visual Studio Solution File, Format Version 12.00
# Visual Studio for Mac
Project("{FAE04EC0-301F-11D3-BF4B-00C04F79EFBC}") = "SteamVR", "SteamVR.csproj", "{E5FD7714-B7AB-0512-AC6D-79BEC57CC1CE}"
EndProject
Project("{FAE04EC0-301F-11D3-BF4B-00C04F79EFBC}") = "Assembly-CSharp", "Assembly-CSharp.csproj", "{4555EE83-FA37-5AA0-475E-E98B9558B3BA}"
EndProject
Project("{FAE04EC0-301F-11D3-BF4B-00C04F79EFBC}") = "SteamVR_Editor", "SteamVR_Editor.csproj", "{5CD84F07-D31E-77A2-0436-9E2F5A5BB6FB}"
EndProject
Project("{FAE04EC0-301F-11D3-BF4B-00C04F79EFBC}") = "SteamVR_Input_Editor", "SteamVR_Input_Editor.csproj", "{FF17A72D-177D-6DAA-3B9F-22C844C71F6F}"
EndProject
Project("{FAE04EC0-301F-11D3-BF4B-00C04F79EFBC}") = "SteamVR_Windows_EditorHelper", "SteamVR_Windows_EditorHelper.csproj", "{DB5C2D77-8FA1-9F48-66ED-79E3632A476A}"
EndProject
Global
	GlobalSection(SolutionConfigurationPlatforms) = preSolution
		Debug|Any CPU = Debug|Any CPU
		Release|Any CPU = Release|Any CPU
	EndGlobalSection
	GlobalSection(ProjectConfigurationPlatforms) = postSolution
		{E5FD7714-B7AB-0512-AC6D-79BEC57CC1CE}.Debug|Any CPU.ActiveCfg = Debug|Any CPU
		{E5FD7714-B7AB-0512-AC6D-79BEC57CC1CE}.Debug|Any CPU.Build.0 = Debug|Any CPU
		{E5FD7714-B7AB-0512-AC6D-79BEC57CC1CE}.Release|Any CPU.ActiveCfg = Release|Any CPU
		{E5FD7714-B7AB-0512-AC6D-79BEC57CC1CE}.Release|Any CPU.Build.0 = Release|Any CPU
		{4555EE83-FA37-5AA0-475E-E98B9558B3BA}.Debug|Any CPU.ActiveCfg = Debug|Any CPU
		{4555EE83-FA37-5AA0-475E-E98B9558B3BA}.Debug|Any CPU.Build.0 = Debug|Any CPU
		{4555EE83-FA37-5AA0-475E-E98B9558B3BA}.Release|Any CPU.ActiveCfg = Release|Any CPU
		{4555EE83-FA37-5AA0-475E-E98B9558B3BA}.Release|Any CPU.Build.0 = Release|Any CPU
		{5CD84F07-D31E-77A2-0436-9E2F5A5BB6FB}.Debug|Any CPU.ActiveCfg = Debug|Any CPU
		{5CD84F07-D31E-77A2-0436-9E2F5A5BB6FB}.Debug|Any CPU.Build.0 = Debug|Any CPU
		{5CD84F07-D31E-77A2-0436-9E2F5A5BB6FB}.Release|Any CPU.ActiveCfg = Release|Any CPU
		{5CD84F07-D31E-77A2-0436-9E2F5A5BB6FB}.Release|Any CPU.Build.0 = Release|Any CPU
		{FF17A72D-177D-6DAA-3B9F-22C844C71F6F}.Debug|Any CPU.ActiveCfg = Debug|Any CPU
		{FF17A72D-177D-6DAA-3B9F-22C844C71F6F}.Debug|Any CPU.Build.0 = Debug|Any CPU
		{FF17A72D-177D-6DAA-3B9F-22C844C71F6F}.Release|Any CPU.ActiveCfg = Release|Any CPU
		{FF17A72D-177D-6DAA-3B9F-22C844C71F6F}.Release|Any CPU.Build.0 = Release|Any CPU
		{DB5C2D77-8FA1-9F48-66ED-79E3632A476A}.Debug|Any CPU.ActiveCfg = Debug|Any CPU
		{DB5C2D77-8FA1-9F48-66ED-79E3632A476A}.Debug|Any CPU.Build.0 = Debug|Any CPU
		{DB5C2D77-8FA1-9F48-66ED-79E3632A476A}.Release|Any CPU.ActiveCfg = Release|Any CPU
		{DB5C2D77-8FA1-9F48-66ED-79E3632A476A}.Release|Any CPU.Build.0 = Release|Any CPU
	EndGlobalSection
	GlobalSection(SolutionProperties) = preSolution
		HideSolutionNode = FALSE
	EndGlobalSection
EndGlobal
